<?xml version="1.0" encoding="utf-8"?>
<Project ToolsVersion="4.0" xmlns="http://schemas.microsoft.com/developer/msbuild/2003">
  <ItemGroup>
    <Filter Include="Source Files">
      <UniqueIdentifier>{4FC737F1-C7A5-4376-A066-2A32D752A2FF}</UniqueIdentifier>
      <Extensions>cpp;c;cc;cxx;def;odl;idl;hpj;bat;asm;asmx</Extensions>
    </Filter>
    <Filter Include="Resource Files">
      <UniqueIdentifier>{67DA6AB6-F800-4c08-8B7A-83BB121AAD01}</UniqueIdentifier>
      <Extensions>rc;ico;cur;bmp;dlg;rc2;rct;bin;rgs;gif;jpg;jpeg;jpe;resx;tiff;tif;png;wav;mfcribbon-ms</Extensions>
    </Filter>
    <Filter Include="GameObject">
      <UniqueIdentifier>{e4a65cbc-9160-4569-9d4d-13d395c1089e}</UniqueIdentifier>
    </Filter>
    <Filter Include="General">
      <UniqueIdentifier>{f48a6357-eb6b-4906-831d-9364a7cd12fd}</UniqueIdentifier>
    </Filter>
    <Filter Include="Resources">
      <UniqueIdentifier>{6dac5517-51bf-44b3-9fce-75a29a3e32c7}</UniqueIdentifier>
    </Filter>
    <Filter Include="Application">
      <UniqueIdentifier>{93995380-89BD-4b04-88EB-625FBE52EBFB}</UniqueIdentifier>
      <Extensions>h;hh;hpp;hxx;hm;inl;inc;xsd</Extensions>
    </Filter>
  </ItemGroup>
  <ItemGroup>
    <ClCompile Include="main.cpp">
      <Filter>Source Files</Filter>
    </ClCompile>
    <ClCompile Include="Game.cpp">
      <Filter>Source Files</Filter>
    </ClCompile>
    <ClCompile Include="Block.cpp">
      <Filter>Source Files</Filter>
    </ClCompile>
    <ClCompile Include="GameObject.cpp">
      <Filter>Source Files</Filter>
    </ClCompile>
    <ClCompile Include="Player.cpp">
      <Filter>Source Files</Filter>
    </ClCompile>
    <ClCompile Include="TextHolder.cpp">
      <Filter>Source Files</Filter>
    </ClCompile>
    <ClCompile Include="Application.cpp">
      <Filter>Source Files</Filter>
    </ClCompile>
    <ClCompile Include="Hook.cpp">
      <Filter>Source Files</Filter>
    </ClCompile>
    <ClCompile Include="Box.cpp">
      <Filter>Source Files</Filter>
    </ClCompile>
    <ClCompile Include="Goal.cpp">
      <Filter>Source Files</Filter>
    </ClCompile>
  </ItemGroup>
  <ItemGroup>
    <ClInclude Include="Game.h">
      <Filter>Application</Filter>
    </ClInclude>
    <ClInclude Include="Controller.h">
      <Filter>Application</Filter>
    </ClInclude>
    <ClInclude Include="Application.h">
      <Filter>Application</Filter>
    </ClInclude>
    <ClInclude Include="GameStack.h">
      <Filter>Application</Filter>
    </ClInclude>
    <ClInclude Include="GameState.h">
      <Filter>Application</Filter>
    </ClInclude>
    <ClInclude Include="AppContext.h">
      <Filter>Application</Filter>
    </ClInclude>
    <ClInclude Include="Player.h">
      <Filter>GameObject</Filter>
    </ClInclude>
    <ClInclude Include="GameObject.h">
      <Filter>GameObject</Filter>
    </ClInclude>
    <ClInclude Include="Block.h">
      <Filter>GameObject</Filter>
    </ClInclude>
    <ClInclude Include="Constants.h">
      <Filter>General</Filter>
    </ClInclude>
    <ClInclude Include="Conversions.h">
      <Filter>General</Filter>
    </ClInclude>
    <ClInclude Include="Resources.h">
      <Filter>Resources</Filter>
    </ClInclude>
    <ClInclude Include="ResourceHolder.h">
      <Filter>Resources</Filter>
    </ClInclude>
    <ClInclude Include="TextHolder.h">
      <Filter>Resources</Filter>
    </ClInclude>
    <ClInclude Include="TextureHolder.h">
      <Filter>Resources</Filter>
    </ClInclude>
    <ClInclude Include="FontHolder.h">
      <Filter>Resources</Filter>
    </ClInclude>
    <ClInclude Include="HookCallback.h">
      <Filter>GameObject</Filter>
    </ClInclude>
    <ClInclude Include="Hook.h">
      <Filter>GameObject</Filter>
    </ClInclude>
    <ClInclude Include="Box.h">
      <Filter>GameObject</Filter>
    </ClInclude>
    <ClInclude Include="PlayerContactListener.h">
      <Filter>GameObject</Filter>
    </ClInclude>
    <ClInclude Include="ConsoleOut.h">
      <Filter>General</Filter>
    </ClInclude>
    <ClInclude Include="Goal.h">
      <Filter>GameObject</Filter>
    </ClInclude>
    <ClInclude Include="Level.h">
      <Filter>Application</Filter>
    </ClInclude>
  </ItemGroup>
</Project>